
Microsoft Visual Studio Solution File, Format Version 12.00
# Visual Studio Version 17
VisualStudioVersion = 17.0.31912.275
MinimumVisualStudioVersion = 10.0.40219.1
Project("{9A19103F-16F7-4668-BE54-9A1E7A4F7556}") = "CrimeService", "CrimeService.csproj", "{779063B4-EBF9-4C06-967B-293FC030F686}"
EndProject
Global
	GlobalSection(SolutionConfigurationPlatforms) = preSolution
		Debug|Any CPU = Debug|Any CPU
		Release|Any CPU = Release|Any CPU
	EndGlobalSection
	GlobalSection(ProjectConfigurationPlatforms) = postSolution
		{779063B4-EBF9-4C06-967B-293FC030F686}.Debug|Any CPU.ActiveCfg = Debug|Any CPU
		{779063B4-EBF9-4C06-967B-293FC030F686}.Debug|Any CPU.Build.0 = Debug|Any CPU
		{779063B4-EBF9-4C06-967B-293FC030F686}.Release|Any CPU.ActiveCfg = Release|Any CPU
		{779063B4-EBF9-4C06-967B-293FC030F686}.Release|Any CPU.Build.0 = Release|Any CPU
	EndGlobalSection
	GlobalSection(SolutionProperties) = preSolution
		HideSolutionNode = FALSE
	EndGlobalSection
	GlobalSection(ExtensibilityGlobals) = postSolution
		SolutionGuid = {4858166A-794A-4A8F-8C38-FBC2A11256A7}
	EndGlobalSection
EndGlobal
